
Microsoft Visual Studio Solution File, Format Version 11.00
# Visual Studio 2010
Project("{FAE04EC0-301F-11D3-BF4B-00C04F79EFBC}") = "Papyrus", "Papyrus\Papyrus.csproj", "{8B4C5B15-955D-47FE-A64E-F1457286786C}"
EndProject
Project("{FAE04EC0-301F-11D3-BF4B-00C04F79EFBC}") = "Papyrus.Design", "Papyrus.Design\Papyrus.Design.csproj", "{F914AED6-C8F4-4D57-AAB3-49B414FAC82C}"
EndProject
Project("{2150E333-8FDC-42A3-9474-1A3956D46DE8}") = ".nuget", ".nuget", "{BEF50E84-0BEC-472A-9EC1-C489BC7C623C}"
	ProjectSection(SolutionItems) = preProject
		.nuget\NuGet.Config = .nuget\NuGet.Config
		.nuget\NuGet.exe = .nuget\NuGet.exe
		.nuget\NuGet.targets = .nuget\NuGet.targets
	EndProjectSection
EndProject
Global
	GlobalSection(SolutionConfigurationPlatforms) = preSolution
		Debug|Any CPU = Debug|Any CPU
		Debug|Mixed Platforms = Debug|Mixed Platforms
		Debug|x86 = Debug|x86
		Release|Any CPU = Release|Any CPU
		Release|Mixed Platforms = Release|Mixed Platforms
		Release|x86 = Release|x86
	EndGlobalSection
	GlobalSection(ProjectConfigurationPlatforms) = postSolution
		{8B4C5B15-955D-47FE-A64E-F1457286786C}.Debug|Any CPU.ActiveCfg = Debug|x86
		{8B4C5B15-955D-47FE-A64E-F1457286786C}.Debug|Mixed Platforms.ActiveCfg = Debug|x86
		{8B4C5B15-955D-47FE-A64E-F1457286786C}.Debug|Mixed Platforms.Build.0 = Debug|x86
		{8B4C5B15-955D-47FE-A64E-F1457286786C}.Debug|x86.ActiveCfg = Debug|x86
		{8B4C5B15-955D-47FE-A64E-F1457286786C}.Debug|x86.Build.0 = Debug|x86
		{8B4C5B15-955D-47FE-A64E-F1457286786C}.Release|Any CPU.ActiveCfg = Release|x86
		{8B4C5B15-955D-47FE-A64E-F1457286786C}.Release|Mixed Platforms.ActiveCfg = Release|x86
		{8B4C5B15-955D-47FE-A64E-F1457286786C}.Release|Mixed Platforms.Build.0 = Release|x86
		{8B4C5B15-955D-47FE-A64E-F1457286786C}.Release|x86.ActiveCfg = Release|x86
		{8B4C5B15-955D-47FE-A64E-F1457286786C}.Release|x86.Build.0 = Release|x86
		{F914AED6-C8F4-4D57-AAB3-49B414FAC82C}.Debug|Any CPU.ActiveCfg = Debug|Any CPU
		{F914AED6-C8F4-4D57-AAB3-49B414FAC82C}.Debug|Any CPU.Build.0 = Debug|Any CPU
		{F914AED6-C8F4-4D57-AAB3-49B414FAC82C}.Debug|Mixed Platforms.ActiveCfg = Debug|Any CPU
		{F914AED6-C8F4-4D57-AAB3-49B414FAC82C}.Debug|Mixed Platforms.Build.0 = Debug|Any CPU
		{F914AED6-C8F4-4D57-AAB3-49B414FAC82C}.Debug|x86.ActiveCfg = Debug|Any CPU
		{F914AED6-C8F4-4D57-AAB3-49B414FAC82C}.Release|Any CPU.ActiveCfg = Release|Any CPU
		{F914AED6-C8F4-4D57-AAB3-49B414FAC82C}.Release|Any CPU.Build.0 = Release|Any CPU
		{F914AED6-C8F4-4D57-AAB3-49B414FAC82C}.Release|Mixed Platforms.ActiveCfg = Release|Any CPU
		{F914AED6-C8F4-4D57-AAB3-49B414FAC82C}.Release|Mixed Platforms.Build.0 = Release|Any CPU
		{F914AED6-C8F4-4D57-AAB3-49B414FAC82C}.Release|x86.ActiveCfg = Release|Any CPU
	EndGlobalSection
	GlobalSection(SolutionProperties) = preSolution
		HideSolutionNode = FALSE
	EndGlobalSection
EndGlobal
